
Microsoft Visual Studio Solution File, Format Version 12.00
# Visual Studio Version 17
VisualStudioVersion = 17.1.32319.34
MinimumVisualStudioVersion = 10.0.40219.1
Project("{FAE04EC0-301F-11D3-BF4B-00C04F79EFBC}") = "Tester", "Tester\Tester.csproj", "{B13AEE63-5807-4D75-86F1-3D7E9ABE0B59}"
EndProject
Project("{FAE04EC0-301F-11D3-BF4B-00C04F79EFBC}") = "HR", "HR\HR.csproj", "{B8D249EC-5F90-4541-8A0E-E1BD066747BA}"
EndProject
Project("{FAE04EC0-301F-11D3-BF4B-00C04F79EFBC}") = "Banking", "Banking\Banking.csproj", "{98B4E83A-161C-45C8-876F-3DD05A483367}"
EndProject
Project("{FAE04EC0-301F-11D3-BF4B-00C04F79EFBC}") = "Tester2", "Tester2\Tester2.csproj", "{D3391A7D-DAE7-45D2-99CE-605905BC949D}"
EndProject
Project("{FAE04EC0-301F-11D3-BF4B-00C04F79EFBC}") = "ProjectManagement", "ProjectManagement\ProjectManagement.csproj", "{CFB9124A-4A34-4E4E-99E9-860D3A11504C}"
EndProject
Global
	GlobalSection(SolutionConfigurationPlatforms) = preSolution
		Debug|Any CPU = Debug|Any CPU
		Release|Any CPU = Release|Any CPU
	EndGlobalSection
	GlobalSection(ProjectConfigurationPlatforms) = postSolution
		{B13AEE63-5807-4D75-86F1-3D7E9ABE0B59}.Debug|Any CPU.ActiveCfg = Debug|Any CPU
		{B13AEE63-5807-4D75-86F1-3D7E9ABE0B59}.Debug|Any CPU.Build.0 = Debug|Any CPU
		{B13AEE63-5807-4D75-86F1-3D7E9ABE0B59}.Release|Any CPU.ActiveCfg = Release|Any CPU
		{B13AEE63-5807-4D75-86F1-3D7E9ABE0B59}.Release|Any CPU.Build.0 = Release|Any CPU
		{B8D249EC-5F90-4541-8A0E-E1BD066747BA}.Debug|Any CPU.ActiveCfg = Debug|Any CPU
		{B8D249EC-5F90-4541-8A0E-E1BD066747BA}.Debug|Any CPU.Build.0 = Debug|Any CPU
		{B8D249EC-5F90-4541-8A0E-E1BD066747BA}.Release|Any CPU.ActiveCfg = Release|Any CPU
		{B8D249EC-5F90-4541-8A0E-E1BD066747BA}.Release|Any CPU.Build.0 = Release|Any CPU
		{98B4E83A-161C-45C8-876F-3DD05A483367}.Debug|Any CPU.ActiveCfg = Debug|Any CPU
		{98B4E83A-161C-45C8-876F-3DD05A483367}.Debug|Any CPU.Build.0 = Debug|Any CPU
		{98B4E83A-161C-45C8-876F-3DD05A483367}.Release|Any CPU.ActiveCfg = Release|Any CPU
		{98B4E83A-161C-45C8-876F-3DD05A483367}.Release|Any CPU.Build.0 = Release|Any CPU
		{D3391A7D-DAE7-45D2-99CE-605905BC949D}.Debug|Any CPU.ActiveCfg = Debug|Any CPU
		{D3391A7D-DAE7-45D2-99CE-605905BC949D}.Debug|Any CPU.Build.0 = Debug|Any CPU
		{D3391A7D-DAE7-45D2-99CE-605905BC949D}.Release|Any CPU.ActiveCfg = Release|Any CPU
		{D3391A7D-DAE7-45D2-99CE-605905BC949D}.Release|Any CPU.Build.0 = Release|Any CPU
		{CFB9124A-4A34-4E4E-99E9-860D3A11504C}.Debug|Any CPU.ActiveCfg = Debug|Any CPU
		{CFB9124A-4A34-4E4E-99E9-860D3A11504C}.Debug|Any CPU.Build.0 = Debug|Any CPU
		{CFB9124A-4A34-4E4E-99E9-860D3A11504C}.Release|Any CPU.ActiveCfg = Release|Any CPU
		{CFB9124A-4A34-4E4E-99E9-860D3A11504C}.Release|Any CPU.Build.0 = Release|Any CPU
	EndGlobalSection
	GlobalSection(SolutionProperties) = preSolution
		HideSolutionNode = FALSE
	EndGlobalSection
	GlobalSection(ExtensibilityGlobals) = postSolution
		SolutionGuid = {FABD72CF-675E-4283-9F70-BB7DE85D44F7}
	EndGlobalSection
EndGlobal
