
Microsoft Visual Studio Solution File, Format Version 12.00
# Visual Studio Version 17
VisualStudioVersion = 17.2.32630.192
MinimumVisualStudioVersion = 10.0.40219.1
Project("{FAE04EC0-301F-11D3-BF4B-00C04F79EFBC}") = "HelloWorld", "HelloWorld\HelloWorld.csproj", "{A604412A-A5BB-4F20-8F32-61771F26D222}"
EndProject
Global
	GlobalSection(SolutionConfigurationPlatforms) = preSolution
		Debug|Any CPU = Debug|Any CPU
		Release|Any CPU = Release|Any CPU
	EndGlobalSection
	GlobalSection(ProjectConfigurationPlatforms) = postSolution
		{A604412A-A5BB-4F20-8F32-61771F26D222}.Debug|Any CPU.ActiveCfg = Debug|Any CPU
		{A604412A-A5BB-4F20-8F32-61771F26D222}.Debug|Any CPU.Build.0 = Debug|Any CPU
		{A604412A-A5BB-4F20-8F32-61771F26D222}.Release|Any CPU.ActiveCfg = Release|Any CPU
		{A604412A-A5BB-4F20-8F32-61771F26D222}.Release|Any CPU.Build.0 = Release|Any CPU
	EndGlobalSection
	GlobalSection(SolutionProperties) = preSolution
		HideSolutionNode = FALSE
	EndGlobalSection
	GlobalSection(ExtensibilityGlobals) = postSolution
		SolutionGuid = {1D9C3107-4043-4792-ACED-F9E0A648C104}
	EndGlobalSection
EndGlobal
